
Microsoft Visual Studio Solution File, Format Version 12.00
# Visual Studio Version 17
VisualStudioVersion = 17.7.34003.232
MinimumVisualStudioVersion = 10.0.40219.1
Project("{FAE04EC0-301F-11D3-BF4B-00C04F79EFBC}") = "Assembly-CSharp", "Assembly-CSharp.csproj", "{3B324FBC-7D6E-BB9E-FECF-0CFA99E9DC37}"
EndProject
Project("{2150E333-8FDC-42A3-9474-1A3956D46DE8}") = "NetCore", "NetCore", "{F71832D0-F1CA-44D0-9D77-2F2D08C60EAE}"
	ProjectSection(SolutionItems) = preProject
		README.md = README.md
	EndProjectSection
EndProject
Project("{2150E333-8FDC-42A3-9474-1A3956D46DE8}") = "NetStandart", "NetStandart", "{BEEC8956-6C13-4406-969A-7AB1B0E7443E}"
	ProjectSection(SolutionItems) = preProject
		..\NetStandart\README.md = ..\NetStandart\README.md
	EndProjectSection
EndProject
Project("{2150E333-8FDC-42A3-9474-1A3956D46DE8}") = "Programs", "Programs", "{64BD7489-C1DF-4991-B86B-2591154CEEE8}"
	ProjectSection(SolutionItems) = preProject
		..\Programs\README.md = ..\Programs\README.md
	EndProjectSection
EndProject
Project("{2150E333-8FDC-42A3-9474-1A3956D46DE8}") = "DialogEditor", "DialogEditor", "{DB413A99-F560-43F4-8DC3-D874474DD5C1}"
	ProjectSection(SolutionItems) = preProject
		..\Programs\DialogEditor\README.md = ..\Programs\DialogEditor\README.md
	EndProjectSection
EndProject
Project("{2150E333-8FDC-42A3-9474-1A3956D46DE8}") = "ItemEditor", "ItemEditor", "{AA93F92F-7CBD-45E0-92F8-34ED29B18DB0}"
	ProjectSection(SolutionItems) = preProject
		..\Programs\ItemEditor\README.md = ..\Programs\ItemEditor\README.md
	EndProjectSection
EndProject
Project("{2150E333-8FDC-42A3-9474-1A3956D46DE8}") = "Decompressor", "Decompressor", "{FB441EBB-3530-4ACC-A82A-36E170A96943}"
	ProjectSection(SolutionItems) = preProject
		..\Programs\Decompressor\README.md = ..\Programs\Decompressor\README.md
	EndProjectSection
EndProject
Project("{2150E333-8FDC-42A3-9474-1A3956D46DE8}") = "Converter", "Converter", "{0F9799D3-C5BF-4FAA-BDA7-FD8C1EE3ECDE}"
	ProjectSection(SolutionItems) = preProject
		..\Programs\Converter\README.md = ..\Programs\Converter\README.md
	EndProjectSection
EndProject
Project("{9A19103F-16F7-4668-BE54-9A1E7A4F7556}") = "HaloOfDarkness.Decompressor", "..\NetStandart\HaloOfDarkness.Decompressor\HaloOfDarkness.Decompressor.csproj", "{F1C56503-2EC0-4F10-8744-181580DE6BCD}"
EndProject
Project("{9A19103F-16F7-4668-BE54-9A1E7A4F7556}") = "HaloOfDarkness.Contracts", "..\NetStandart\HaloOfDarkness.Contracts\HaloOfDarkness.Contracts.csproj", "{FB10D67F-C545-410E-800F-2F4627A78F8E}"
EndProject
Project("{9A19103F-16F7-4668-BE54-9A1E7A4F7556}") = "HaloOfDarkness.Language", "..\NetStandart\HaloOfDarkness.Language\HaloOfDarkness.Language.csproj", "{0521F3B7-15AF-4F0D-86B4-19C70D7E06A5}"
EndProject
Project("{9A19103F-16F7-4668-BE54-9A1E7A4F7556}") = "HaloOfDarkness.Resources", "..\NetStandart\HaloOfDarkness.Resources\HaloOfDarkness.Resources.csproj", "{D37816F1-D416-42BF-A999-519438DC1F94}"
EndProject
Project("{9A19103F-16F7-4668-BE54-9A1E7A4F7556}") = "HaloOfDarkness.SerializerJson", "..\NetStandart\HaloOfDarkness.SerializerJson\HaloOfDarkness.SerializerJson.csproj", "{800F2909-D041-4084-A1E8-2D7FB6E1B499}"
EndProject
Project("{9A19103F-16F7-4668-BE54-9A1E7A4F7556}") = "HaloOfDarkness.SerializerXml", "..\NetStandart\HaloOfDarkness.SerializerXml\HaloOfDarkness.SerializerXml.csproj", "{51B1578B-1B49-47D3-9FB9-2123D3070A15}"
EndProject
Project("{9A19103F-16F7-4668-BE54-9A1E7A4F7556}") = "HaloOfDarkness.Streams", "..\NetStandart\HaloOfDarkness.Streams\HaloOfDarkness.Streams.csproj", "{820749EB-4CB2-4C99-8294-1F5E92B2833C}"
EndProject
Project("{9A19103F-16F7-4668-BE54-9A1E7A4F7556}") = "Console", "..\NetCore\Console\Console.csproj", "{9D7DD0D7-AC5E-4804-825D-4D3AEF51331E}"
EndProject
Project("{9A19103F-16F7-4668-BE54-9A1E7A4F7556}") = "HaloOfDarkness.Converter", "..\NetStandart\HaloOfDarkness.Converter\HaloOfDarkness.Converter.csproj", "{35A9B002-0ACD-4A78-863E-CA407F751A73}"
EndProject
Global
	GlobalSection(SolutionConfigurationPlatforms) = preSolution
		Debug|Any CPU = Debug|Any CPU
		DebugNetStandart|Any CPU = DebugNetStandart|Any CPU
		DNStandart|Any CPU = DNStandart|Any CPU
		Release|Any CPU = Release|Any CPU
	EndGlobalSection
	GlobalSection(ProjectConfigurationPlatforms) = postSolution
		{3B324FBC-7D6E-BB9E-FECF-0CFA99E9DC37}.Debug|Any CPU.ActiveCfg = Debug|Any CPU
		{3B324FBC-7D6E-BB9E-FECF-0CFA99E9DC37}.Debug|Any CPU.Build.0 = Debug|Any CPU
		{3B324FBC-7D6E-BB9E-FECF-0CFA99E9DC37}.DebugNetStandart|Any CPU.ActiveCfg = DebugNetStandart|Any CPU
		{3B324FBC-7D6E-BB9E-FECF-0CFA99E9DC37}.DebugNetStandart|Any CPU.Build.0 = DebugNetStandart|Any CPU
		{3B324FBC-7D6E-BB9E-FECF-0CFA99E9DC37}.DNStandart|Any CPU.ActiveCfg = DebugNetStandart|Any CPU
		{3B324FBC-7D6E-BB9E-FECF-0CFA99E9DC37}.Release|Any CPU.ActiveCfg = Release|Any CPU
		{3B324FBC-7D6E-BB9E-FECF-0CFA99E9DC37}.Release|Any CPU.Build.0 = Release|Any CPU
		{F1C56503-2EC0-4F10-8744-181580DE6BCD}.Debug|Any CPU.ActiveCfg = Debug|Any CPU
		{F1C56503-2EC0-4F10-8744-181580DE6BCD}.Debug|Any CPU.Build.0 = Debug|Any CPU
		{F1C56503-2EC0-4F10-8744-181580DE6BCD}.DebugNetStandart|Any CPU.ActiveCfg = DebugNetStandart|Any CPU
		{F1C56503-2EC0-4F10-8744-181580DE6BCD}.DebugNetStandart|Any CPU.Build.0 = DebugNetStandart|Any CPU
		{F1C56503-2EC0-4F10-8744-181580DE6BCD}.DNStandart|Any CPU.ActiveCfg = DebugNetStandart|Any CPU
		{F1C56503-2EC0-4F10-8744-181580DE6BCD}.DNStandart|Any CPU.Build.0 = DebugNetStandart|Any CPU
		{F1C56503-2EC0-4F10-8744-181580DE6BCD}.Release|Any CPU.ActiveCfg = Release|Any CPU
		{F1C56503-2EC0-4F10-8744-181580DE6BCD}.Release|Any CPU.Build.0 = Release|Any CPU
		{FB10D67F-C545-410E-800F-2F4627A78F8E}.Debug|Any CPU.ActiveCfg = Debug|Any CPU
		{FB10D67F-C545-410E-800F-2F4627A78F8E}.Debug|Any CPU.Build.0 = Debug|Any CPU
		{FB10D67F-C545-410E-800F-2F4627A78F8E}.DebugNetStandart|Any CPU.ActiveCfg = DebugNetStandart|Any CPU
		{FB10D67F-C545-410E-800F-2F4627A78F8E}.DebugNetStandart|Any CPU.Build.0 = DebugNetStandart|Any CPU
		{FB10D67F-C545-410E-800F-2F4627A78F8E}.DNStandart|Any CPU.ActiveCfg = DebugNetStandart|Any CPU
		{FB10D67F-C545-410E-800F-2F4627A78F8E}.DNStandart|Any CPU.Build.0 = DebugNetStandart|Any CPU
		{FB10D67F-C545-410E-800F-2F4627A78F8E}.Release|Any CPU.ActiveCfg = Release|Any CPU
		{FB10D67F-C545-410E-800F-2F4627A78F8E}.Release|Any CPU.Build.0 = Release|Any CPU
		{0521F3B7-15AF-4F0D-86B4-19C70D7E06A5}.Debug|Any CPU.ActiveCfg = Debug|Any CPU
		{0521F3B7-15AF-4F0D-86B4-19C70D7E06A5}.Debug|Any CPU.Build.0 = Debug|Any CPU
		{0521F3B7-15AF-4F0D-86B4-19C70D7E06A5}.DebugNetStandart|Any CPU.ActiveCfg = DebugNetStandart|Any CPU
		{0521F3B7-15AF-4F0D-86B4-19C70D7E06A5}.DebugNetStandart|Any CPU.Build.0 = DebugNetStandart|Any CPU
		{0521F3B7-15AF-4F0D-86B4-19C70D7E06A5}.DNStandart|Any CPU.ActiveCfg = DebugNetStandart|Any CPU
		{0521F3B7-15AF-4F0D-86B4-19C70D7E06A5}.DNStandart|Any CPU.Build.0 = DebugNetStandart|Any CPU
		{0521F3B7-15AF-4F0D-86B4-19C70D7E06A5}.Release|Any CPU.ActiveCfg = Release|Any CPU
		{0521F3B7-15AF-4F0D-86B4-19C70D7E06A5}.Release|Any CPU.Build.0 = Release|Any CPU
		{D37816F1-D416-42BF-A999-519438DC1F94}.Debug|Any CPU.ActiveCfg = Debug|Any CPU
		{D37816F1-D416-42BF-A999-519438DC1F94}.Debug|Any CPU.Build.0 = Debug|Any CPU
		{D37816F1-D416-42BF-A999-519438DC1F94}.DebugNetStandart|Any CPU.ActiveCfg = DebugNetStandart|Any CPU
		{D37816F1-D416-42BF-A999-519438DC1F94}.DebugNetStandart|Any CPU.Build.0 = DebugNetStandart|Any CPU
		{D37816F1-D416-42BF-A999-519438DC1F94}.DNStandart|Any CPU.ActiveCfg = DebugNetStandart|Any CPU
		{D37816F1-D416-42BF-A999-519438DC1F94}.DNStandart|Any CPU.Build.0 = DebugNetStandart|Any CPU
		{D37816F1-D416-42BF-A999-519438DC1F94}.Release|Any CPU.ActiveCfg = Release|Any CPU
		{D37816F1-D416-42BF-A999-519438DC1F94}.Release|Any CPU.Build.0 = Release|Any CPU
		{800F2909-D041-4084-A1E8-2D7FB6E1B499}.Debug|Any CPU.ActiveCfg = Debug|Any CPU
		{800F2909-D041-4084-A1E8-2D7FB6E1B499}.Debug|Any CPU.Build.0 = Debug|Any CPU
		{800F2909-D041-4084-A1E8-2D7FB6E1B499}.DebugNetStandart|Any CPU.ActiveCfg = DebugNetStandart|Any CPU
		{800F2909-D041-4084-A1E8-2D7FB6E1B499}.DebugNetStandart|Any CPU.Build.0 = DebugNetStandart|Any CPU
		{800F2909-D041-4084-A1E8-2D7FB6E1B499}.DNStandart|Any CPU.ActiveCfg = DebugNetStandart|Any CPU
		{800F2909-D041-4084-A1E8-2D7FB6E1B499}.DNStandart|Any CPU.Build.0 = DebugNetStandart|Any CPU
		{800F2909-D041-4084-A1E8-2D7FB6E1B499}.Release|Any CPU.ActiveCfg = Release|Any CPU
		{800F2909-D041-4084-A1E8-2D7FB6E1B499}.Release|Any CPU.Build.0 = Release|Any CPU
		{51B1578B-1B49-47D3-9FB9-2123D3070A15}.Debug|Any CPU.ActiveCfg = Debug|Any CPU
		{51B1578B-1B49-47D3-9FB9-2123D3070A15}.Debug|Any CPU.Build.0 = Debug|Any CPU
		{51B1578B-1B49-47D3-9FB9-2123D3070A15}.DebugNetStandart|Any CPU.ActiveCfg = DebugNetStandart|Any CPU
		{51B1578B-1B49-47D3-9FB9-2123D3070A15}.DebugNetStandart|Any CPU.Build.0 = DebugNetStandart|Any CPU
		{51B1578B-1B49-47D3-9FB9-2123D3070A15}.DNStandart|Any CPU.ActiveCfg = DebugNetStandart|Any CPU
		{51B1578B-1B49-47D3-9FB9-2123D3070A15}.DNStandart|Any CPU.Build.0 = DebugNetStandart|Any CPU
		{51B1578B-1B49-47D3-9FB9-2123D3070A15}.Release|Any CPU.ActiveCfg = Release|Any CPU
		{51B1578B-1B49-47D3-9FB9-2123D3070A15}.Release|Any CPU.Build.0 = Release|Any CPU
		{820749EB-4CB2-4C99-8294-1F5E92B2833C}.Debug|Any CPU.ActiveCfg = Debug|Any CPU
		{820749EB-4CB2-4C99-8294-1F5E92B2833C}.Debug|Any CPU.Build.0 = Debug|Any CPU
		{820749EB-4CB2-4C99-8294-1F5E92B2833C}.DebugNetStandart|Any CPU.ActiveCfg = DebugNetStandart|Any CPU
		{820749EB-4CB2-4C99-8294-1F5E92B2833C}.DebugNetStandart|Any CPU.Build.0 = DebugNetStandart|Any CPU
		{820749EB-4CB2-4C99-8294-1F5E92B2833C}.DNStandart|Any CPU.ActiveCfg = DebugNetStandart|Any CPU
		{820749EB-4CB2-4C99-8294-1F5E92B2833C}.DNStandart|Any CPU.Build.0 = DebugNetStandart|Any CPU
		{820749EB-4CB2-4C99-8294-1F5E92B2833C}.Release|Any CPU.ActiveCfg = Release|Any CPU
		{820749EB-4CB2-4C99-8294-1F5E92B2833C}.Release|Any CPU.Build.0 = Release|Any CPU
		{9D7DD0D7-AC5E-4804-825D-4D3AEF51331E}.Debug|Any CPU.ActiveCfg = Debug|Any CPU
		{9D7DD0D7-AC5E-4804-825D-4D3AEF51331E}.Debug|Any CPU.Build.0 = Debug|Any CPU
		{9D7DD0D7-AC5E-4804-825D-4D3AEF51331E}.DebugNetStandart|Any CPU.ActiveCfg = DebugNetStandart|Any CPU
		{9D7DD0D7-AC5E-4804-825D-4D3AEF51331E}.DebugNetStandart|Any CPU.Build.0 = DebugNetStandart|Any CPU
		{9D7DD0D7-AC5E-4804-825D-4D3AEF51331E}.DNStandart|Any CPU.ActiveCfg = DebugNetStandart|Any CPU
		{9D7DD0D7-AC5E-4804-825D-4D3AEF51331E}.DNStandart|Any CPU.Build.0 = DebugNetStandart|Any CPU
		{9D7DD0D7-AC5E-4804-825D-4D3AEF51331E}.Release|Any CPU.ActiveCfg = Release|Any CPU
		{9D7DD0D7-AC5E-4804-825D-4D3AEF51331E}.Release|Any CPU.Build.0 = Release|Any CPU
		{35A9B002-0ACD-4A78-863E-CA407F751A73}.Debug|Any CPU.ActiveCfg = Debug|Any CPU
		{35A9B002-0ACD-4A78-863E-CA407F751A73}.Debug|Any CPU.Build.0 = Debug|Any CPU
		{35A9B002-0ACD-4A78-863E-CA407F751A73}.DebugNetStandart|Any CPU.ActiveCfg = DebugNetStandart|Any CPU
		{35A9B002-0ACD-4A78-863E-CA407F751A73}.DebugNetStandart|Any CPU.Build.0 = DebugNetStandart|Any CPU
		{35A9B002-0ACD-4A78-863E-CA407F751A73}.DNStandart|Any CPU.ActiveCfg = DebugNetStandart|Any CPU
		{35A9B002-0ACD-4A78-863E-CA407F751A73}.DNStandart|Any CPU.Build.0 = DebugNetStandart|Any CPU
		{35A9B002-0ACD-4A78-863E-CA407F751A73}.Release|Any CPU.ActiveCfg = Release|Any CPU
		{35A9B002-0ACD-4A78-863E-CA407F751A73}.Release|Any CPU.Build.0 = Release|Any CPU
	EndGlobalSection
	GlobalSection(SolutionProperties) = preSolution
		HideSolutionNode = FALSE
	EndGlobalSection
	GlobalSection(NestedProjects) = preSolution
		{DB413A99-F560-43F4-8DC3-D874474DD5C1} = {64BD7489-C1DF-4991-B86B-2591154CEEE8}
		{AA93F92F-7CBD-45E0-92F8-34ED29B18DB0} = {64BD7489-C1DF-4991-B86B-2591154CEEE8}
		{FB441EBB-3530-4ACC-A82A-36E170A96943} = {64BD7489-C1DF-4991-B86B-2591154CEEE8}
		{0F9799D3-C5BF-4FAA-BDA7-FD8C1EE3ECDE} = {64BD7489-C1DF-4991-B86B-2591154CEEE8}
		{F1C56503-2EC0-4F10-8744-181580DE6BCD} = {BEEC8956-6C13-4406-969A-7AB1B0E7443E}
		{FB10D67F-C545-410E-800F-2F4627A78F8E} = {BEEC8956-6C13-4406-969A-7AB1B0E7443E}
		{0521F3B7-15AF-4F0D-86B4-19C70D7E06A5} = {BEEC8956-6C13-4406-969A-7AB1B0E7443E}
		{D37816F1-D416-42BF-A999-519438DC1F94} = {BEEC8956-6C13-4406-969A-7AB1B0E7443E}
		{800F2909-D041-4084-A1E8-2D7FB6E1B499} = {BEEC8956-6C13-4406-969A-7AB1B0E7443E}
		{51B1578B-1B49-47D3-9FB9-2123D3070A15} = {BEEC8956-6C13-4406-969A-7AB1B0E7443E}
		{820749EB-4CB2-4C99-8294-1F5E92B2833C} = {BEEC8956-6C13-4406-969A-7AB1B0E7443E}
		{9D7DD0D7-AC5E-4804-825D-4D3AEF51331E} = {F71832D0-F1CA-44D0-9D77-2F2D08C60EAE}
		{35A9B002-0ACD-4A78-863E-CA407F751A73} = {BEEC8956-6C13-4406-969A-7AB1B0E7443E}
	EndGlobalSection
	GlobalSection(ExtensibilityGlobals) = postSolution
		SolutionGuid = {C7B76388-AEF2-4396-B705-4364B7EE7AC4}
	EndGlobalSection
EndGlobal
